
Microsoft Visual Studio Solution File, Format Version 12.00
# Visual Studio Version 16
VisualStudioVersion = 16.0.31025.194
MinimumVisualStudioVersion = 10.0.40219.1
Project("{FAE04EC0-301F-11D3-BF4B-00C04F79EFBC}") = "Emdr App.UWP", "Emdr App.UWP\Emdr App.UWP.csproj", "{27D6C46A-7867-4D43-A425-805DF4542BC3}"
EndProject
Project("{FAE04EC0-301F-11D3-BF4B-00C04F79EFBC}") = "Emdr App.Android", "Emdr App.Android\Emdr App.Android.csproj", "{B89CB074-F8BD-4B3F-A238-6A3BE7A2C131}"
EndProject
Project("{FAE04EC0-301F-11D3-BF4B-00C04F79EFBC}") = "Emdr App.iOS", "Emdr App.iOS\Emdr App.iOS.csproj", "{0B0626A6-BD1B-48B4-8D15-FEE62750B46E}"
EndProject
Project("{FAE04EC0-301F-11D3-BF4B-00C04F79EFBC}") = "Emdr App", "Emdr App\Emdr App.csproj", "{FA31CF83-BAD8-4E05-9C9A-9BC648512395}"
EndProject
Global
	GlobalSection(SolutionConfigurationPlatforms) = preSolution
		Debug|Any CPU = Debug|Any CPU
		Debug|ARM = Debug|ARM
		Debug|iPhone = Debug|iPhone
		Debug|iPhoneSimulator = Debug|iPhoneSimulator
		Debug|x64 = Debug|x64
		Debug|x86 = Debug|x86
		Release|Any CPU = Release|Any CPU
		Release|ARM = Release|ARM
		Release|iPhone = Release|iPhone
		Release|iPhoneSimulator = Release|iPhoneSimulator
		Release|x64 = Release|x64
		Release|x86 = Release|x86
	EndGlobalSection
	GlobalSection(ProjectConfigurationPlatforms) = postSolution
		{27D6C46A-7867-4D43-A425-805DF4542BC3}.Debug|Any CPU.ActiveCfg = Debug|x86
		{27D6C46A-7867-4D43-A425-805DF4542BC3}.Debug|Any CPU.Build.0 = Debug|x86
		{27D6C46A-7867-4D43-A425-805DF4542BC3}.Debug|Any CPU.Deploy.0 = Debug|x86
		{27D6C46A-7867-4D43-A425-805DF4542BC3}.Debug|ARM.ActiveCfg = Debug|ARM
		{27D6C46A-7867-4D43-A425-805DF4542BC3}.Debug|ARM.Build.0 = Debug|ARM
		{27D6C46A-7867-4D43-A425-805DF4542BC3}.Debug|ARM.Deploy.0 = Debug|ARM
		{27D6C46A-7867-4D43-A425-805DF4542BC3}.Debug|iPhone.ActiveCfg = Debug|x86
		{27D6C46A-7867-4D43-A425-805DF4542BC3}.Debug|iPhone.Build.0 = Debug|x86
		{27D6C46A-7867-4D43-A425-805DF4542BC3}.Debug|iPhone.Deploy.0 = Debug|x86
		{27D6C46A-7867-4D43-A425-805DF4542BC3}.Debug|iPhoneSimulator.ActiveCfg = Debug|x86
		{27D6C46A-7867-4D43-A425-805DF4542BC3}.Debug|iPhoneSimulator.Build.0 = Debug|x86
		{27D6C46A-7867-4D43-A425-805DF4542BC3}.Debug|iPhoneSimulator.Deploy.0 = Debug|x86
		{27D6C46A-7867-4D43-A425-805DF4542BC3}.Debug|x64.ActiveCfg = Debug|x64
		{27D6C46A-7867-4D43-A425-805DF4542BC3}.Debug|x64.Build.0 = Debug|x64
		{27D6C46A-7867-4D43-A425-805DF4542BC3}.Debug|x64.Deploy.0 = Debug|x64
		{27D6C46A-7867-4D43-A425-805DF4542BC3}.Debug|x86.ActiveCfg = Debug|x86
		{27D6C46A-7867-4D43-A425-805DF4542BC3}.Debug|x86.Build.0 = Debug|x86
		{27D6C46A-7867-4D43-A425-805DF4542BC3}.Debug|x86.Deploy.0 = Debug|x86
		{27D6C46A-7867-4D43-A425-805DF4542BC3}.Release|Any CPU.ActiveCfg = Release|x86
		{27D6C46A-7867-4D43-A425-805DF4542BC3}.Release|Any CPU.Build.0 = Release|x86
		{27D6C46A-7867-4D43-A425-805DF4542BC3}.Release|Any CPU.Deploy.0 = Release|x86
		{27D6C46A-7867-4D43-A425-805DF4542BC3}.Release|ARM.ActiveCfg = Release|ARM
		{27D6C46A-7867-4D43-A425-805DF4542BC3}.Release|ARM.Build.0 = Release|ARM
		{27D6C46A-7867-4D43-A425-805DF4542BC3}.Release|ARM.Deploy.0 = Release|ARM
		{27D6C46A-7867-4D43-A425-805DF4542BC3}.Release|iPhone.ActiveCfg = Release|x86
		{27D6C46A-7867-4D43-A425-805DF4542BC3}.Release|iPhone.Build.0 = Release|x86
		{27D6C46A-7867-4D43-A425-805DF4542BC3}.Release|iPhone.Deploy.0 = Release|x86
		{27D6C46A-7867-4D43-A425-805DF4542BC3}.Release|iPhoneSimulator.ActiveCfg = Release|x86
		{27D6C46A-7867-4D43-A425-805DF4542BC3}.Release|iPhoneSimulator.Build.0 = Release|x86
		{27D6C46A-7867-4D43-A425-805DF4542BC3}.Release|iPhoneSimulator.Deploy.0 = Release|x86
		{27D6C46A-7867-4D43-A425-805DF4542BC3}.Release|x64.ActiveCfg = Release|x64
		{27D6C46A-7867-4D43-A425-805DF4542BC3}.Release|x64.Build.0 = Release|x64
		{27D6C46A-7867-4D43-A425-805DF4542BC3}.Release|x64.Deploy.0 = Release|x64
		{27D6C46A-7867-4D43-A425-805DF4542BC3}.Release|x86.ActiveCfg = Release|x86
		{27D6C46A-7867-4D43-A425-805DF4542BC3}.Release|x86.Build.0 = Release|x86
		{27D6C46A-7867-4D43-A425-805DF4542BC3}.Release|x86.Deploy.0 = Release|x86
		{B89CB074-F8BD-4B3F-A238-6A3BE7A2C131}.Debug|Any CPU.ActiveCfg = Debug|Any CPU
		{B89CB074-F8BD-4B3F-A238-6A3BE7A2C131}.Debug|Any CPU.Build.0 = Debug|Any CPU
		{B89CB074-F8BD-4B3F-A238-6A3BE7A2C131}.Debug|Any CPU.Deploy.0 = Debug|Any CPU
		{B89CB074-F8BD-4B3F-A238-6A3BE7A2C131}.Debug|ARM.ActiveCfg = Debug|Any CPU
		{B89CB074-F8BD-4B3F-A238-6A3BE7A2C131}.Debug|ARM.Build.0 = Debug|Any CPU
		{B89CB074-F8BD-4B3F-A238-6A3BE7A2C131}.Debug|ARM.Deploy.0 = Debug|Any CPU
		{B89CB074-F8BD-4B3F-A238-6A3BE7A2C131}.Debug|iPhone.ActiveCfg = Debug|Any CPU
		{B89CB074-F8BD-4B3F-A238-6A3BE7A2C131}.Debug|iPhone.Build.0 = Debug|Any CPU
		{B89CB074-F8BD-4B3F-A238-6A3BE7A2C131}.Debug|iPhone.Deploy.0 = Debug|Any CPU
		{B89CB074-F8BD-4B3F-A238-6A3BE7A2C131}.Debug|iPhoneSimulator.ActiveCfg = Debug|Any CPU
		{B89CB074-F8BD-4B3F-A238-6A3BE7A2C131}.Debug|iPhoneSimulator.Build.0 = Debug|Any CPU
		{B89CB074-F8BD-4B3F-A238-6A3BE7A2C131}.Debug|iPhoneSimulator.Deploy.0 = Debug|Any CPU
		{B89CB074-F8BD-4B3F-A238-6A3BE7A2C131}.Debug|x64.ActiveCfg = Debug|Any CPU
		{B89CB074-F8BD-4B3F-A238-6A3BE7A2C131}.Debug|x64.Build.0 = Debug|Any CPU
		{B89CB074-F8BD-4B3F-A238-6A3BE7A2C131}.Debug|x64.Deploy.0 = Debug|Any CPU
		{B89CB074-F8BD-4B3F-A238-6A3BE7A2C131}.Debug|x86.ActiveCfg = Debug|Any CPU
		{B89CB074-F8BD-4B3F-A238-6A3BE7A2C131}.Debug|x86.Build.0 = Debug|Any CPU
		{B89CB074-F8BD-4B3F-A238-6A3BE7A2C131}.Debug|x86.Deploy.0 = Debug|Any CPU
		{B89CB074-F8BD-4B3F-A238-6A3BE7A2C131}.Release|Any CPU.ActiveCfg = Release|Any CPU
		{B89CB074-F8BD-4B3F-A238-6A3BE7A2C131}.Release|Any CPU.Build.0 = Release|Any CPU
		{B89CB074-F8BD-4B3F-A238-6A3BE7A2C131}.Release|Any CPU.Deploy.0 = Release|Any CPU
		{B89CB074-F8BD-4B3F-A238-6A3BE7A2C131}.Release|ARM.ActiveCfg = Release|Any CPU
		{B89CB074-F8BD-4B3F-A238-6A3BE7A2C131}.Release|ARM.Build.0 = Release|Any CPU
		{B89CB074-F8BD-4B3F-A238-6A3BE7A2C131}.Release|ARM.Deploy.0 = Release|Any CPU
		{B89CB074-F8BD-4B3F-A238-6A3BE7A2C131}.Release|iPhone.ActiveCfg = Release|Any CPU
		{B89CB074-F8BD-4B3F-A238-6A3BE7A2C131}.Release|iPhone.Build.0 = Release|Any CPU
		{B89CB074-F8BD-4B3F-A238-6A3BE7A2C131}.Release|iPhone.Deploy.0 = Release|Any CPU
		{B89CB074-F8BD-4B3F-A238-6A3BE7A2C131}.Release|iPhoneSimulator.ActiveCfg = Release|Any CPU
		{B89CB074-F8BD-4B3F-A238-6A3BE7A2C131}.Release|iPhoneSimulator.Build.0 = Release|Any CPU
		{B89CB074-F8BD-4B3F-A238-6A3BE7A2C131}.Release|iPhoneSimulator.Deploy.0 = Release|Any CPU
		{B89CB074-F8BD-4B3F-A238-6A3BE7A2C131}.Release|x64.ActiveCfg = Release|Any CPU
		{B89CB074-F8BD-4B3F-A238-6A3BE7A2C131}.Release|x64.Build.0 = Release|Any CPU
		{B89CB074-F8BD-4B3F-A238-6A3BE7A2C131}.Release|x64.Deploy.0 = Release|Any CPU
		{B89CB074-F8BD-4B3F-A238-6A3BE7A2C131}.Release|x86.ActiveCfg = Release|Any CPU
		{B89CB074-F8BD-4B3F-A238-6A3BE7A2C131}.Release|x86.Build.0 = Release|Any CPU
		{B89CB074-F8BD-4B3F-A238-6A3BE7A2C131}.Release|x86.Deploy.0 = Release|Any CPU
		{0B0626A6-BD1B-48B4-8D15-FEE62750B46E}.Debug|Any CPU.ActiveCfg = Debug|iPhoneSimulator
		{0B0626A6-BD1B-48B4-8D15-FEE62750B46E}.Debug|Any CPU.Build.0 = Debug|iPhoneSimulator
		{0B0626A6-BD1B-48B4-8D15-FEE62750B46E}.Debug|Any CPU.Deploy.0 = Debug|iPhoneSimulator
		{0B0626A6-BD1B-48B4-8D15-FEE62750B46E}.Debug|ARM.ActiveCfg = Debug|iPhone
		{0B0626A6-BD1B-48B4-8D15-FEE62750B46E}.Debug|ARM.Build.0 = Debug|iPhone
		{0B0626A6-BD1B-48B4-8D15-FEE62750B46E}.Debug|ARM.Deploy.0 = Debug|iPhone
		{0B0626A6-BD1B-48B4-8D15-FEE62750B46E}.Debug|iPhone.ActiveCfg = Debug|iPhone
		{0B0626A6-BD1B-48B4-8D15-FEE62750B46E}.Debug|iPhone.Build.0 = Debug|iPhone
		{0B0626A6-BD1B-48B4-8D15-FEE62750B46E}.Debug|iPhone.Deploy.0 = Debug|iPhone
		{0B0626A6-BD1B-48B4-8D15-FEE62750B46E}.Debug|iPhoneSimulator.ActiveCfg = Debug|iPhoneSimulator
		{0B0626A6-BD1B-48B4-8D15-FEE62750B46E}.Debug|iPhoneSimulator.Build.0 = Debug|iPhoneSimulator
		{0B0626A6-BD1B-48B4-8D15-FEE62750B46E}.Debug|iPhoneSimulator.Deploy.0 = Debug|iPhoneSimulator
		{0B0626A6-BD1B-48B4-8D15-FEE62750B46E}.Debug|x64.ActiveCfg = Debug|iPhoneSimulator
		{0B0626A6-BD1B-48B4-8D15-FEE62750B46E}.Debug|x64.Build.0 = Debug|iPhoneSimulator
		{0B0626A6-BD1B-48B4-8D15-FEE62750B46E}.Debug|x64.Deploy.0 = Debug|iPhoneSimulator
		{0B0626A6-BD1B-48B4-8D15-FEE62750B46E}.Debug|x86.ActiveCfg = Debug|iPhoneSimulator
		{0B0626A6-BD1B-48B4-8D15-FEE62750B46E}.Debug|x86.Build.0 = Debug|iPhoneSimulator
		{0B0626A6-BD1B-48B4-8D15-FEE62750B46E}.Debug|x86.Deploy.0 = Debug|iPhoneSimulator
		{0B0626A6-BD1B-48B4-8D15-FEE62750B46E}.Release|Any CPU.ActiveCfg = Release|iPhoneSimulator
		{0B0626A6-BD1B-48B4-8D15-FEE62750B46E}.Release|Any CPU.Build.0 = Release|iPhoneSimulator
		{0B0626A6-BD1B-48B4-8D15-FEE62750B46E}.Release|Any CPU.Deploy.0 = Release|iPhoneSimulator
		{0B0626A6-BD1B-48B4-8D15-FEE62750B46E}.Release|ARM.ActiveCfg = Release|iPhoneSimulator
		{0B0626A6-BD1B-48B4-8D15-FEE62750B46E}.Release|ARM.Build.0 = Release|iPhoneSimulator
		{0B0626A6-BD1B-48B4-8D15-FEE62750B46E}.Release|ARM.Deploy.0 = Release|iPhoneSimulator
		{0B0626A6-BD1B-48B4-8D15-FEE62750B46E}.Release|iPhone.ActiveCfg = Release|iPhone
		{0B0626A6-BD1B-48B4-8D15-FEE62750B46E}.Release|iPhone.Build.0 = Release|iPhone
		{0B0626A6-BD1B-48B4-8D15-FEE62750B46E}.Release|iPhone.Deploy.0 = Release|iPhone
		{0B0626A6-BD1B-48B4-8D15-FEE62750B46E}.Release|iPhoneSimulator.ActiveCfg = Release|iPhoneSimulator
		{0B0626A6-BD1B-48B4-8D15-FEE62750B46E}.Release|iPhoneSimulator.Build.0 = Release|iPhoneSimulator
		{0B0626A6-BD1B-48B4-8D15-FEE62750B46E}.Release|iPhoneSimulator.Deploy.0 = Release|iPhoneSimulator
		{0B0626A6-BD1B-48B4-8D15-FEE62750B46E}.Release|x64.ActiveCfg = Release|iPhoneSimulator
		{0B0626A6-BD1B-48B4-8D15-FEE62750B46E}.Release|x64.Build.0 = Release|iPhoneSimulator
		{0B0626A6-BD1B-48B4-8D15-FEE62750B46E}.Release|x64.Deploy.0 = Release|iPhoneSimulator
		{0B0626A6-BD1B-48B4-8D15-FEE62750B46E}.Release|x86.ActiveCfg = Release|iPhoneSimulator
		{0B0626A6-BD1B-48B4-8D15-FEE62750B46E}.Release|x86.Build.0 = Release|iPhoneSimulator
		{0B0626A6-BD1B-48B4-8D15-FEE62750B46E}.Release|x86.Deploy.0 = Release|iPhoneSimulator
		{FA31CF83-BAD8-4E05-9C9A-9BC648512395}.Debug|Any CPU.ActiveCfg = Debug|Any CPU
		{FA31CF83-BAD8-4E05-9C9A-9BC648512395}.Debug|Any CPU.Build.0 = Debug|Any CPU
		{FA31CF83-BAD8-4E05-9C9A-9BC648512395}.Debug|Any CPU.Deploy.0 = Debug|Any CPU
		{FA31CF83-BAD8-4E05-9C9A-9BC648512395}.Debug|ARM.ActiveCfg = Debug|Any CPU
		{FA31CF83-BAD8-4E05-9C9A-9BC648512395}.Debug|ARM.Build.0 = Debug|Any CPU
		{FA31CF83-BAD8-4E05-9C9A-9BC648512395}.Debug|ARM.Deploy.0 = Debug|Any CPU
		{FA31CF83-BAD8-4E05-9C9A-9BC648512395}.Debug|iPhone.ActiveCfg = Debug|Any CPU
		{FA31CF83-BAD8-4E05-9C9A-9BC648512395}.Debug|iPhone.Build.0 = Debug|Any CPU
		{FA31CF83-BAD8-4E05-9C9A-9BC648512395}.Debug|iPhone.Deploy.0 = Debug|Any CPU
		{FA31CF83-BAD8-4E05-9C9A-9BC648512395}.Debug|iPhoneSimulator.ActiveCfg = Debug|Any CPU
		{FA31CF83-BAD8-4E05-9C9A-9BC648512395}.Debug|iPhoneSimulator.Build.0 = Debug|Any CPU
		{FA31CF83-BAD8-4E05-9C9A-9BC648512395}.Debug|iPhoneSimulator.Deploy.0 = Debug|Any CPU
		{FA31CF83-BAD8-4E05-9C9A-9BC648512395}.Debug|x64.ActiveCfg = Debug|Any CPU
		{FA31CF83-BAD8-4E05-9C9A-9BC648512395}.Debug|x64.Build.0 = Debug|Any CPU
		{FA31CF83-BAD8-4E05-9C9A-9BC648512395}.Debug|x64.Deploy.0 = Debug|Any CPU
		{FA31CF83-BAD8-4E05-9C9A-9BC648512395}.Debug|x86.ActiveCfg = Debug|Any CPU
		{FA31CF83-BAD8-4E05-9C9A-9BC648512395}.Debug|x86.Build.0 = Debug|Any CPU
		{FA31CF83-BAD8-4E05-9C9A-9BC648512395}.Debug|x86.Deploy.0 = Debug|Any CPU
		{FA31CF83-BAD8-4E05-9C9A-9BC648512395}.Release|Any CPU.ActiveCfg = Release|Any CPU
		{FA31CF83-BAD8-4E05-9C9A-9BC648512395}.Release|Any CPU.Build.0 = Release|Any CPU
		{FA31CF83-BAD8-4E05-9C9A-9BC648512395}.Release|Any CPU.Deploy.0 = Release|Any CPU
		{FA31CF83-BAD8-4E05-9C9A-9BC648512395}.Release|ARM.ActiveCfg = Release|Any CPU
		{FA31CF83-BAD8-4E05-9C9A-9BC648512395}.Release|ARM.Build.0 = Release|Any CPU
		{FA31CF83-BAD8-4E05-9C9A-9BC648512395}.Release|ARM.Deploy.0 = Release|Any CPU
		{FA31CF83-BAD8-4E05-9C9A-9BC648512395}.Release|iPhone.ActiveCfg = Release|Any CPU
		{FA31CF83-BAD8-4E05-9C9A-9BC648512395}.Release|iPhone.Build.0 = Release|Any CPU
		{FA31CF83-BAD8-4E05-9C9A-9BC648512395}.Release|iPhone.Deploy.0 = Release|Any CPU
		{FA31CF83-BAD8-4E05-9C9A-9BC648512395}.Release|iPhoneSimulator.ActiveCfg = Release|Any CPU
		{FA31CF83-BAD8-4E05-9C9A-9BC648512395}.Release|iPhoneSimulator.Build.0 = Release|Any CPU
		{FA31CF83-BAD8-4E05-9C9A-9BC648512395}.Release|iPhoneSimulator.Deploy.0 = Release|Any CPU
		{FA31CF83-BAD8-4E05-9C9A-9BC648512395}.Release|x64.ActiveCfg = Release|Any CPU
		{FA31CF83-BAD8-4E05-9C9A-9BC648512395}.Release|x64.Build.0 = Release|Any CPU
		{FA31CF83-BAD8-4E05-9C9A-9BC648512395}.Release|x64.Deploy.0 = Release|Any CPU
		{FA31CF83-BAD8-4E05-9C9A-9BC648512395}.Release|x86.ActiveCfg = Release|Any CPU
		{FA31CF83-BAD8-4E05-9C9A-9BC648512395}.Release|x86.Build.0 = Release|Any CPU
		{FA31CF83-BAD8-4E05-9C9A-9BC648512395}.Release|x86.Deploy.0 = Release|Any CPU
	EndGlobalSection
	GlobalSection(SolutionProperties) = preSolution
		HideSolutionNode = FALSE
	EndGlobalSection
	GlobalSection(ExtensibilityGlobals) = postSolution
		SolutionGuid = {72973473-F75F-45FC-A529-0AF5A87B6D38}
	EndGlobalSection
EndGlobal
